
Microsoft Visual Studio Solution File, Format Version 12.00
# Visual Studio Version 17
VisualStudioVersion = 17.7.34031.279
MinimumVisualStudioVersion = 10.0.40219.1
Project("{FAE04EC0-301F-11D3-BF4B-00C04F79EFBC}") = "ConsoleAppTeste", "ConsoleAppTeste\ConsoleAppTeste.csproj", "{9DE94112-2F85-4802-8A3B-4651123EB2FD}"
EndProject
Project("{FAE04EC0-301F-11D3-BF4B-00C04F79EFBC}") = "TestProject", "TestProject\TestProject.csproj", "{F2099778-8C2A-4D85-97B9-55EB39E5DE32}"
EndProject
Global
	GlobalSection(SolutionConfigurationPlatforms) = preSolution
		Debug|Any CPU = Debug|Any CPU
		Release|Any CPU = Release|Any CPU
	EndGlobalSection
	GlobalSection(ProjectConfigurationPlatforms) = postSolution
		{9DE94112-2F85-4802-8A3B-4651123EB2FD}.Debug|Any CPU.ActiveCfg = Debug|Any CPU
		{9DE94112-2F85-4802-8A3B-4651123EB2FD}.Debug|Any CPU.Build.0 = Debug|Any CPU
		{9DE94112-2F85-4802-8A3B-4651123EB2FD}.Release|Any CPU.ActiveCfg = Release|Any CPU
		{9DE94112-2F85-4802-8A3B-4651123EB2FD}.Release|Any CPU.Build.0 = Release|Any CPU
		{F2099778-8C2A-4D85-97B9-55EB39E5DE32}.Debug|Any CPU.ActiveCfg = Debug|Any CPU
		{F2099778-8C2A-4D85-97B9-55EB39E5DE32}.Debug|Any CPU.Build.0 = Debug|Any CPU
		{F2099778-8C2A-4D85-97B9-55EB39E5DE32}.Release|Any CPU.ActiveCfg = Release|Any CPU
		{F2099778-8C2A-4D85-97B9-55EB39E5DE32}.Release|Any CPU.Build.0 = Release|Any CPU
	EndGlobalSection
	GlobalSection(SolutionProperties) = preSolution
		HideSolutionNode = FALSE
	EndGlobalSection
	GlobalSection(ExtensibilityGlobals) = postSolution
		SolutionGuid = {C5292E68-DD76-4BE7-91C1-DFB735213F75}
	EndGlobalSection
EndGlobal
